
Microsoft Visual Studio Solution File, Format Version 12.00
# Visual Studio Version 16
VisualStudioVersion = 16.0.29409.12
MinimumVisualStudioVersion = 10.0.40219.1
Project("{FAE04EC0-301F-11D3-BF4B-00C04F79EFBC}") = "server", "server\server.csproj", "{6FC4BBF3-91EB-4CD4-AB78-A266F52CB452}"
EndProject
Project("{FAE04EC0-301F-11D3-BF4B-00C04F79EFBC}") = "client", "client\client.csproj", "{BB766B9A-5CE4-4942-B27C-108CB8153988}"
EndProject
Project("{2150E333-8FDC-42A3-9474-1A3956D46DE8}") = "Solution Items", "Solution Items", "{2D88AAFE-635C-47C5-978C-F915EE37E69A}"
	ProjectSection(SolutionItems) = preProject
		.editorconfig = .editorconfig
	EndProjectSection
EndProject
Global
	GlobalSection(SolutionConfigurationPlatforms) = preSolution
		Debug|Any CPU = Debug|Any CPU
		Release|Any CPU = Release|Any CPU
	EndGlobalSection
	GlobalSection(ProjectConfigurationPlatforms) = postSolution
		{6FC4BBF3-91EB-4CD4-AB78-A266F52CB452}.Debug|Any CPU.ActiveCfg = Debug|Any CPU
		{6FC4BBF3-91EB-4CD4-AB78-A266F52CB452}.Debug|Any CPU.Build.0 = Debug|Any CPU
		{6FC4BBF3-91EB-4CD4-AB78-A266F52CB452}.Release|Any CPU.ActiveCfg = Release|Any CPU
		{6FC4BBF3-91EB-4CD4-AB78-A266F52CB452}.Release|Any CPU.Build.0 = Release|Any CPU
		{BB766B9A-5CE4-4942-B27C-108CB8153988}.Debug|Any CPU.ActiveCfg = Debug|Any CPU
		{BB766B9A-5CE4-4942-B27C-108CB8153988}.Debug|Any CPU.Build.0 = Debug|Any CPU
		{BB766B9A-5CE4-4942-B27C-108CB8153988}.Release|Any CPU.ActiveCfg = Release|Any CPU
		{BB766B9A-5CE4-4942-B27C-108CB8153988}.Release|Any CPU.Build.0 = Release|Any CPU
	EndGlobalSection
	GlobalSection(SolutionProperties) = preSolution
		HideSolutionNode = FALSE
	EndGlobalSection
	GlobalSection(ExtensibilityGlobals) = postSolution
		SolutionGuid = {6DA0C725-6509-429E-9D72-57629C8A3289}
	EndGlobalSection
EndGlobal
